github.com/davecgh/go-spew v1.1.1 h1:vj9j/u1bqnvCEfJOwUhtlOARqs3+rkHYY13jYWTU97c=
github.com/davecgh/go-spew v1.1.1/go.mod h1:J7Y8YcW2NihsgmVo/mv3lAwl/skON4iLHjSsI+c5H38=
github.com/go-sql-driver/mysql v1.5.0/go.mod h1:DCzpHaOWr8IXmIStZouvnhqoel9Qv2LBy8hT2VhHyBg=
github.com/pmezard/go-difflib v1.0.0 h1:4DBwDE0NGyQoBHbLQYPwSUPoCMWR5BEzIk/f1lZbAQM=
github.com/pmezard/go-difflib v1.0.0/go.mod h1:iKH77koFhYxTK1pcRnkKkqfTogsbg7gZNVY4sRDYZ/4=
github.com/sirupsen/logrus v1.8.1 h1:dJKuHgqk1NNQlqoA6BTlM1Wf9DOH3NBjQyu0h9+AZZE=
github.com/sirupsen/logrus v1.8.1/go.mod h1:yWOB1SBYBC5VeMP7gHvWumXLIWorT60ONWic61uBYv0=
github.com/skeptycal/ansi v0.3.5 h1:tyAESFjuc3FSBqVXH8BHmS7t7NMS/GJ+BNoV16MIlMw=
github.com/skeptycal/ansi v0.3.5/go.mod h1:9iY8dPq+77sgBLkhW4676NZZn58GFtRa9NYFHs44bHg=
github.com/skeptycal/cli v0.1.0/go.mod h1:uEnv53J0Z6JqQ8NRQxDej3WdfU1NMwfX5dqmN/KaENk=
github.com/skeptycal/cli v0.2.0 h1:MTD5ccChT3lrpBR1c5fHwEhf5TKGs5/MpFoGTf2WJYw=
github.com/skeptycal/cli v0.2.0/go.mod h1:I1tIJbGySqKijcIs7T6KcoOr/I1MaV67EgZlQKygUyQ=
github.com/skeptycal/util v0.3.5 h1:3VM42Qx9E++WhMWnhVL1NAst4R7S0/ytIo4Dm+qdb/M=
github.com/skeptycal/util v0.3.5/go.mod h1:gwXvjZyrFWIjY1Gwx3oUeoVdNtmDEpoeyG4Se23yMNU=
github.com/skeptycal/util/stringutils v0.0.0-20210327131358-3c9cdad9bb2e h1:IxrcSYZJF9Cwy55yoA+SQaN6HyhpiddXWrj+6Lv5+i0=
github.com/skeptycal/util/stringutils v0.0.0-20210327131358-3c9cdad9bb2e/go.mod h1:KyL1YI+MkVKpm+IkH4YUOc1NDoBIGMr6Eq4Slqd8RfA=
github.com/skeptycal/zsh v0.3.0 h1:E5EeY4o5j/64/38YY0kXSDFPD30zp8gHXjXUSGux/1s=
github.com/skeptycal/zsh v0.3.0/go.mod h1:jXh6Mho3MyFtygGaD67A/hTycarxvycpZGTfOthkLUw=
github.com/stretchr/testify v1.2.2 h1:bSDNvY7ZPG5RlJ8otE/7V6gMiyenm9RtJ7IUVIAoJ1w=
github.com/stretchr/testify v1.2.2/go.mod h1:a8OnRcib4nhh0OaRAV+Yts87kKdq0PP7pXfy6kDkUVs=
golang.org/x/sync v0.0.0-20210220032951-036812b2e83c/go.mod h1:RxMgew5VJxzue5/jJTE5uejpjVlOe/izrB70Jof72aM=
golang.org/x/sys v0.0.0-20191026070338-33540a1f6037/go.mod h1:h1NjWce9XRLGQEsW7wpKNCjG9DtNlClVuFLEZdDNbEs=
golang.org/x/sys v0.0.0-20210324051608-47abb6519492 h1:Paq34FxTluEPvVyayQqMPgHm+vTOrIifmcYxFBx9TLg=
golang.org/x/sys v0.0.0-20210324051608-47abb6519492/go.mod h1:h1NjWce9XRLGQEsW7wpKNCjG9DtNlClVuFLEZdDNbEs=
golang.org/x/sys v0.0.0-20210403161142-5e06dd20ab57/go.mod h1:h1NjWce9XRLGQEsW7wpKNCjG9DtNlClVuFLEZdDNbEs=
golang.org/x/sys v0.0.0-20210414055047-fe65e336abe0 h1:g9s1Ppvvun/fI+BptTMj909BBIcGrzQ32k9FNlcevOE=
golang.org/x/sys v0.0.0-20210414055047-fe65e336abe0/go.mod h1:h1NjWce9XRLGQEsW7wpKNCjG9DtNlClVuFLEZdDNbEs=
